
Microsoft Visual Studio Solution File, Format Version 12.00
# Visual Studio 15
VisualStudioVersion = 15.0.28010.2003
MinimumVisualStudioVersion = 10.0.40219.1
Project("{FAE04EC0-301F-11D3-BF4B-00C04F79EFBC}") = "Helper", "Helper\Helper.csproj", "{DD4DB24E-6A95-4B2C-8D20-DBD09107C46A}"
EndProject
Project("{FAE04EC0-301F-11D3-BF4B-00C04F79EFBC}") = "Web", "Web\Web.csproj", "{99D22FAC-31C5-4000-A33C-A40163B3231F}"
EndProject
Project("{FAE04EC0-301F-11D3-BF4B-00C04F79EFBC}") = "ServiceInterfaces", "ServiceInterfaces\ServiceInterfaces.csproj", "{4E17B724-5AD8-4F5F-8F8A-C3538534694B}"
EndProject
Project("{FAE04EC0-301F-11D3-BF4B-00C04F79EFBC}") = "Services", "Services\Services.csproj", "{B308A561-A4D6-47DB-B19D-2115B92AFC94}"
EndProject
Global
	GlobalSection(SolutionConfigurationPlatforms) = preSolution
		Debug|Any CPU = Debug|Any CPU
		Release|Any CPU = Release|Any CPU
	EndGlobalSection
	GlobalSection(ProjectConfigurationPlatforms) = postSolution
		{DD4DB24E-6A95-4B2C-8D20-DBD09107C46A}.Debug|Any CPU.ActiveCfg = Debug|Any CPU
		{DD4DB24E-6A95-4B2C-8D20-DBD09107C46A}.Debug|Any CPU.Build.0 = Debug|Any CPU
		{DD4DB24E-6A95-4B2C-8D20-DBD09107C46A}.Release|Any CPU.ActiveCfg = Release|Any CPU
		{DD4DB24E-6A95-4B2C-8D20-DBD09107C46A}.Release|Any CPU.Build.0 = Release|Any CPU
		{99D22FAC-31C5-4000-A33C-A40163B3231F}.Debug|Any CPU.ActiveCfg = Debug|Any CPU
		{99D22FAC-31C5-4000-A33C-A40163B3231F}.Debug|Any CPU.Build.0 = Debug|Any CPU
		{99D22FAC-31C5-4000-A33C-A40163B3231F}.Release|Any CPU.ActiveCfg = Release|Any CPU
		{99D22FAC-31C5-4000-A33C-A40163B3231F}.Release|Any CPU.Build.0 = Release|Any CPU
		{4E17B724-5AD8-4F5F-8F8A-C3538534694B}.Debug|Any CPU.ActiveCfg = Debug|Any CPU
		{4E17B724-5AD8-4F5F-8F8A-C3538534694B}.Debug|Any CPU.Build.0 = Debug|Any CPU
		{4E17B724-5AD8-4F5F-8F8A-C3538534694B}.Release|Any CPU.ActiveCfg = Release|Any CPU
		{4E17B724-5AD8-4F5F-8F8A-C3538534694B}.Release|Any CPU.Build.0 = Release|Any CPU
		{B308A561-A4D6-47DB-B19D-2115B92AFC94}.Debug|Any CPU.ActiveCfg = Debug|Any CPU
		{B308A561-A4D6-47DB-B19D-2115B92AFC94}.Debug|Any CPU.Build.0 = Debug|Any CPU
		{B308A561-A4D6-47DB-B19D-2115B92AFC94}.Release|Any CPU.ActiveCfg = Release|Any CPU
		{B308A561-A4D6-47DB-B19D-2115B92AFC94}.Release|Any CPU.Build.0 = Release|Any CPU
	EndGlobalSection
	GlobalSection(SolutionProperties) = preSolution
		HideSolutionNode = FALSE
	EndGlobalSection
	GlobalSection(ExtensibilityGlobals) = postSolution
		SolutionGuid = {34A62B55-E279-4878-818D-8F12B05788C3}
	EndGlobalSection
EndGlobal
