
Microsoft Visual Studio Solution File, Format Version 12.00
Project("{FAE04EC0-301F-11D3-BF4B-00C04F79EFBC}") = "SmartInfo.DomainObjects", "SmartInfo.DomainObjects\SmartInfo.DomainObjects.csproj", "{9AF5A47E-6726-4774-8392-0D96CCB7C16B}"
EndProject
Project("{FAE04EC0-301F-11D3-BF4B-00C04F79EFBC}") = "SmartInfo.Helpers", "SmartInfo.Helpers\SmartInfo.Helpers.csproj", "{5DD7D0BF-9136-42D7-AAFC-813A62CAAD37}"
EndProject
Project("{FAE04EC0-301F-11D3-BF4B-00C04F79EFBC}") = "SmartInfo.ServiceInterfaces", "SmartInfo.ServiceInterfaces\SmartInfo.ServiceInterfaces.csproj", "{A90FD72D-1439-4C94-B6EE-045C926E6332}"
EndProject
Project("{FAE04EC0-301F-11D3-BF4B-00C04F79EFBC}") = "SmartInfo.Services", "SmartInfo.Services\SmartInfo.Services.csproj", "{DC69A2E5-FFBC-4992-B8A3-1EC0BC8D4271}"
EndProject
Project("{FAE04EC0-301F-11D3-BF4B-00C04F79EFBC}") = "SmartInfo.Web", "SmartInfo.Web\SmartInfo.Web.csproj", "{388D7256-6D67-45E7-BD55-E1CE6336F658}"
EndProject
Global
	GlobalSection(SolutionConfigurationPlatforms) = preSolution
		Debug|Any CPU = Debug|Any CPU
		Release|Any CPU = Release|Any CPU
	EndGlobalSection
	GlobalSection(ProjectConfigurationPlatforms) = postSolution
		{9AF5A47E-6726-4774-8392-0D96CCB7C16B}.Debug|Any CPU.ActiveCfg = Debug|Any CPU
		{9AF5A47E-6726-4774-8392-0D96CCB7C16B}.Debug|Any CPU.Build.0 = Debug|Any CPU
		{9AF5A47E-6726-4774-8392-0D96CCB7C16B}.Release|Any CPU.ActiveCfg = Release|Any CPU
		{9AF5A47E-6726-4774-8392-0D96CCB7C16B}.Release|Any CPU.Build.0 = Release|Any CPU
		{5DD7D0BF-9136-42D7-AAFC-813A62CAAD37}.Debug|Any CPU.ActiveCfg = Debug|Any CPU
		{5DD7D0BF-9136-42D7-AAFC-813A62CAAD37}.Debug|Any CPU.Build.0 = Debug|Any CPU
		{5DD7D0BF-9136-42D7-AAFC-813A62CAAD37}.Release|Any CPU.ActiveCfg = Release|Any CPU
		{5DD7D0BF-9136-42D7-AAFC-813A62CAAD37}.Release|Any CPU.Build.0 = Release|Any CPU
		{A90FD72D-1439-4C94-B6EE-045C926E6332}.Debug|Any CPU.ActiveCfg = Debug|Any CPU
		{A90FD72D-1439-4C94-B6EE-045C926E6332}.Debug|Any CPU.Build.0 = Debug|Any CPU
		{A90FD72D-1439-4C94-B6EE-045C926E6332}.Release|Any CPU.ActiveCfg = Release|Any CPU
		{A90FD72D-1439-4C94-B6EE-045C926E6332}.Release|Any CPU.Build.0 = Release|Any CPU
		{DC69A2E5-FFBC-4992-B8A3-1EC0BC8D4271}.Debug|Any CPU.ActiveCfg = Debug|Any CPU
		{DC69A2E5-FFBC-4992-B8A3-1EC0BC8D4271}.Debug|Any CPU.Build.0 = Debug|Any CPU
		{DC69A2E5-FFBC-4992-B8A3-1EC0BC8D4271}.Release|Any CPU.ActiveCfg = Release|Any CPU
		{DC69A2E5-FFBC-4992-B8A3-1EC0BC8D4271}.Release|Any CPU.Build.0 = Release|Any CPU
		{388D7256-6D67-45E7-BD55-E1CE6336F658}.Debug|Any CPU.ActiveCfg = Debug|Any CPU
		{388D7256-6D67-45E7-BD55-E1CE6336F658}.Debug|Any CPU.Build.0 = Debug|Any CPU
		{388D7256-6D67-45E7-BD55-E1CE6336F658}.Release|Any CPU.ActiveCfg = Release|Any CPU
		{388D7256-6D67-45E7-BD55-E1CE6336F658}.Release|Any CPU.Build.0 = Release|Any CPU
	EndGlobalSection
EndGlobal
